// !$*UTF8*$!
{
	archiveVersion = 1;
	classes = {
	};
	objectVersion = 55;
	objects = {

/* Begin PBXBuildFile section */
		C9059682278494840032E3D5 /* AppDelegate.swift in Sources */ = {isa = PBXBuildFile; fileRef = C9059681278494840032E3D5 /* AppDelegate.swift */; };
		C9059684278494840032E3D5 /* SceneDelegate.swift in Sources */ = {isa = PBXBuildFile; fileRef = C9059683278494840032E3D5 /* SceneDelegate.swift */; };
		C905968B278494840032E3D5 /* Assets.xcassets in Resources */ = {isa = PBXBuildFile; fileRef = C905968A278494840032E3D5 /* Assets.xcassets */; };
		C905968E278494840032E3D5 /* LaunchScreen.storyboard in Resources */ = {isa = PBXBuildFile; fileRef = C905968C278494840032E3D5 /* LaunchScreen.storyboard */; };
		C9059699278494840032E3D5 /* TranslateLanguageTests.swift in Sources */ = {isa = PBXBuildFile; fileRef = C9059698278494840032E3D5 /* TranslateLanguageTests.swift */; };
		C90596A3278494840032E3D5 /* TranslateLanguageUITests.swift in Sources */ = {isa = PBXBuildFile; fileRef = C90596A2278494840032E3D5 /* TranslateLanguageUITests.swift */; };
		C90596A5278494840032E3D5 /* TranslateLanguageUITestsLaunchTests.swift in Sources */ = {isa = PBXBuildFile; fileRef = C90596A4278494840032E3D5 /* TranslateLanguageUITestsLaunchTests.swift */; };
		C90596B3278494BA0032E3D5 /* SnapKit in Frameworks */ = {isa = PBXBuildFile; productRef = C90596B2278494BA0032E3D5 /* SnapKit */; };
		C90596B6278495110032E3D5 /* Alamofire in Frameworks */ = {isa = PBXBuildFile; productRef = C90596B5278495110032E3D5 /* Alamofire */; };
		C90596B82784960D0032E3D5 /* TabBarController.swift in Sources */ = {isa = PBXBuildFile; fileRef = C90596B72784960D0032E3D5 /* TabBarController.swift */; };
		C90596BB278498A90032E3D5 /* TranslateViewController.swift in Sources */ = {isa = PBXBuildFile; fileRef = C90596BA278498A90032E3D5 /* TranslateViewController.swift */; };
		C90596BD278498D50032E3D5 /* BookmarkViewController.swift in Sources */ = {isa = PBXBuildFile; fileRef = C90596BC278498D50032E3D5 /* BookmarkViewController.swift */; };
		C90596BF27849D1E0032E3D5 /* UIColor+.swift in Sources */ = {isa = PBXBuildFile; fileRef = C90596BE27849D1E0032E3D5 /* UIColor+.swift */; };
		C90596C22784B5210032E3D5 /* SourceTextViewController.swift in Sources */ = {isa = PBXBuildFile; fileRef = C90596C12784B5210032E3D5 /* SourceTextViewController.swift */; };
		C90596C42784DC750032E3D5 /* Language.swift in Sources */ = {isa = PBXBuildFile; fileRef = C90596C32784DC750032E3D5 /* Language.swift */; };
		C90596C7278570890032E3D5 /* Bookmark.swift in Sources */ = {isa = PBXBuildFile; fileRef = C90596C6278570890032E3D5 /* Bookmark.swift */; };
		C90596C9278573050032E3D5 /* UserDefault+.swift in Sources */ = {isa = PBXBuildFile; fileRef = C90596C8278573050032E3D5 /* UserDefault+.swift */; };
		C90596CD2785D2FA0032E3D5 /* BookmarkCollectionViewCell.swift in Sources */ = {isa = PBXBuildFile; fileRef = C90596CC2785D2FA0032E3D5 /* BookmarkCollectionViewCell.swift */; };
		C90596CF2785DF3F0032E3D5 /* BookmarkTextStackView.swift in Sources */ = {isa = PBXBuildFile; fileRef = C90596CE2785DF3F0032E3D5 /* BookmarkTextStackView.swift */; };
		C90596D12786070D0032E3D5 /* PapagoAPI.swift in Sources */ = {isa = PBXBuildFile; fileRef = C90596D02786070D0032E3D5 /* PapagoAPI.swift */; };
		C90596D4278607790032E3D5 /* Constants.swift in Sources */ = {isa = PBXBuildFile; fileRef = C90596D3278607790032E3D5 /* Constants.swift */; };
		C90596D62786080B0032E3D5 /* RequestPapagoAPI.swift in Sources */ = {isa = PBXBuildFile; fileRef = C90596D52786080B0032E3D5 /* RequestPapagoAPI.swift */; };
		C90596D82786084C0032E3D5 /* ResponsePapagoAPI.swift in Sources */ = {isa = PBXBuildFile; fileRef = C90596D72786084C0032E3D5 /* ResponsePapagoAPI.swift */; };
		C90596DA278609C70032E3D5 /* TranslatorManager.swift in Sources */ = {isa = PBXBuildFile; fileRef = C90596D9278609C70032E3D5 /* TranslatorManager.swift */; };
		C90596DC27860B460032E3D5 /* PapagoNetwork.swift in Sources */ = {isa = PBXBuildFile; fileRef = C90596DB27860B460032E3D5 /* PapagoNetwork.swift */; };
		C90596E027874CD50032E3D5 /* Localizable.strings in Resources */ = {isa = PBXBuildFile; fileRef = C90596E227874CD50032E3D5 /* Localizable.strings */; };
		C90596E527874F200032E3D5 /* LocalizedString.swift in Sources */ = {isa = PBXBuildFile; fileRef = C90596E427874F200032E3D5 /* LocalizedString.swift */; };
/* End PBXBuildFile section */

/* Begin PBXContainerItemProxy section */
		C9059695278494840032E3D5 /* PBXContainerItemProxy */ = {
			isa = PBXContainerItemProxy;
			containerPortal = C9059676278494840032E3D5 /* Project object */;
			proxyType = 1;
			remoteGlobalIDString = C905967D278494840032E3D5;
			remoteInfo = TranslateLanguage;
		};
		C905969F278494840032E3D5 /* PBXContainerItemProxy */ = {
			isa = PBXContainerItemProxy;
			containerPortal = C9059676278494840032E3D5 /* Project object */;
			proxyType = 1;
			remoteGlobalIDString = C905967D278494840032E3D5;
			remoteInfo = TranslateLanguage;
		};
/* End PBXContainerItemProxy section */

/* Begin PBXFileReference section */
		C905967E278494840032E3D5 /* TranslateLanguage.app */ = {isa = PBXFileReference; explicitFileType = wrapper.application; includeInIndex = 0; path = TranslateLanguage.app; sourceTree = BUILT_PRODUCTS_DIR; };
		C9059681278494840032E3D5 /* AppDelegate.swift */ = {isa = PBXFileReference; lastKnownFileType = sourcecode.swift; path = AppDelegate.swift; sourceTree = "<group>"; };
		C9059683278494840032E3D5 /* SceneDelegate.swift */ = {isa = PBXFileReference; lastKnownFileType = sourcecode.swift; path = SceneDelegate.swift; sourceTree = "<group>"; };
		C905968A278494840032E3D5 /* Assets.xcassets */ = {isa = PBXFileReference; lastKnownFileType = folder.assetcatalog; path = Assets.xcassets; sourceTree = "<group>"; };
		C905968D278494840032E3D5 /* Base */ = {isa = PBXFileReference; lastKnownFileType = file.storyboard; name = Base; path = Base.lproj/LaunchScreen.storyboard; sourceTree = "<group>"; };
		C905968F278494840032E3D5 /* Info.plist */ = {isa = PBXFileReference; lastKnownFileType = text.plist.xml; path = Info.plist; sourceTree = "<group>"; };
		C9059694278494840032E3D5 /* TranslateLanguageTests.xctest */ = {isa = PBXFileReference; explicitFileType = wrapper.cfbundle; includeInIndex = 0; path = TranslateLanguageTests.xctest; sourceTree = BUILT_PRODUCTS_DIR; };
		C9059698278494840032E3D5 /* TranslateLanguageTests.swift */ = {isa = PBXFileReference; lastKnownFileType = sourcecode.swift; path = TranslateLanguageTests.swift; sourceTree = "<group>"; };
		C905969E278494840032E3D5 /* TranslateLanguageUITests.xctest */ = {isa = PBXFileReference; explicitFileType = wrapper.cfbundle; includeInIndex = 0; path = TranslateLanguageUITests.xctest; sourceTree = BUILT_PRODUCTS_DIR; };
		C90596A2278494840032E3D5 /* TranslateLanguageUITests.swift */ = {isa = PBXFileReference; lastKnownFileType = sourcecode.swift; path = TranslateLanguageUITests.swift; sourceTree = "<group>"; };
		C90596A4278494840032E3D5 /* TranslateLanguageUITestsLaunchTests.swift */ = {isa = PBXFileReference; lastKnownFileType = sourcecode.swift; path = TranslateLanguageUITestsLaunchTests.swift; sourceTree = "<group>"; };
		C90596B72784960D0032E3D5 /* TabBarController.swift */ = {isa = PBXFileReference; lastKnownFileType = sourcecode.swift; path = TabBarController.swift; sourceTree = "<group>"; };
		C90596BA278498A90032E3D5 /* TranslateViewController.swift */ = {isa = PBXFileReference; lastKnownFileType = sourcecode.swift; path = TranslateViewController.swift; sourceTree = "<group>"; };
		C90596BC278498D50032E3D5 /* BookmarkViewController.swift */ = {isa = PBXFileReference; lastKnownFileType = sourcecode.swift; path = BookmarkViewController.swift; sourceTree = "<group>"; };
		C90596BE27849D1E0032E3D5 /* UIColor+.swift */ = {isa = PBXFileReference; lastKnownFileType = sourcecode.swift; path = "UIColor+.swift"; sourceTree = "<group>"; };
		C90596C12784B5210032E3D5 /* SourceTextViewController.swift */ = {isa = PBXFileReference; lastKnownFileType = sourcecode.swift; path = SourceTextViewController.swift; sourceTree = "<group>"; };
		C90596C32784DC750032E3D5 /* Language.swift */ = {isa = PBXFileReference; lastKnownFileType = sourcecode.swift; path = Language.swift; sourceTree = "<group>"; };
		C90596C6278570890032E3D5 /* Bookmark.swift */ = {isa = PBXFileReference; lastKnownFileType = sourcecode.swift; path = Bookmark.swift; sourceTree = "<group>"; };
		C90596C8278573050032E3D5 /* UserDefault+.swift */ = {isa = PBXFileReference; lastKnownFileType = sourcecode.swift; path = "UserDefault+.swift"; sourceTree = "<group>"; };
		C90596CC2785D2FA0032E3D5 /* BookmarkCollectionViewCell.swift */ = {isa = PBXFileReference; lastKnownFileType = sourcecode.swift; path = BookmarkCollectionViewCell.swift; sourceTree = "<group>"; };
		C90596CE2785DF3F0032E3D5 /* BookmarkTextStackView.swift */ = {isa = PBXFileReference; lastKnownFileType = sourcecode.swift; path = BookmarkTextStackView.swift; sourceTree = "<group>"; };
		C90596D02786070D0032E3D5 /* PapagoAPI.swift */ = {isa = PBXFileReference; lastKnownFileType = sourcecode.swift; path = PapagoAPI.swift; sourceTree = "<group>"; };
		C90596D3278607790032E3D5 /* Constants.swift */ = {isa = PBXFileReference; lastKnownFileType = sourcecode.swift; path = Constants.swift; sourceTree = "<group>"; };
		C90596D52786080B0032E3D5 /* RequestPapagoAPI.swift */ = {isa = PBXFileReference; lastKnownFileType = sourcecode.swift; path = RequestPapagoAPI.swift; sourceTree = "<group>"; };
		C90596D72786084C0032E3D5 /* ResponsePapagoAPI.swift */ = {isa = PBXFileReference; lastKnownFileType = sourcecode.swift; path = ResponsePapagoAPI.swift; sourceTree = "<group>"; };
		C90596D9278609C70032E3D5 /* TranslatorManager.swift */ = {isa = PBXFileReference; lastKnownFileType = sourcecode.swift; path = TranslatorManager.swift; sourceTree = "<group>"; };
		C90596DB27860B460032E3D5 /* PapagoNetwork.swift */ = {isa = PBXFileReference; lastKnownFileType = sourcecode.swift; path = PapagoNetwork.swift; sourceTree = "<group>"; };
		C90596DF27874CC10032E3D5 /* ko */ = {isa = PBXFileReference; lastKnownFileType = text.plist.strings; name = ko; path = ko.lproj/LaunchScreen.strings; sourceTree = "<group>"; };
		C90596E127874CD50032E3D5 /* en */ = {isa = PBXFileReference; lastKnownFileType = text.plist.strings; name = en; path = en.lproj/Localizable.strings; sourceTree = "<group>"; };
		C90596E327874CD90032E3D5 /* ko */ = {isa = PBXFileReference; lastKnownFileType = text.plist.strings; name = ko; path = ko.lproj/Localizable.strings; sourceTree = "<group>"; };
		C90596E427874F200032E3D5 /* LocalizedString.swift */ = {isa = PBXFileReference; lastKnownFileType = sourcecode.swift; path = LocalizedString.swift; sourceTree = "<group>"; };
/* End PBXFileReference section */

/* Begin PBXFrameworksBuildPhase section */
		C905967B278494840032E3D5 /* Frameworks */ = {
			isa = PBXFrameworksBuildPhase;
			buildActionMask = 2147483647;
			files = (
				C90596B3278494BA0032E3D5 /* SnapKit in Frameworks */,
				C90596B6278495110032E3D5 /* Alamofire in Frameworks */,
			);
			runOnlyForDeploymentPostprocessing = 0;
		};
		C9059691278494840032E3D5 /* Frameworks */ = {
			isa = PBXFrameworksBuildPhase;
			buildActionMask = 2147483647;
			files = (
			);
			runOnlyForDeploymentPostprocessing = 0;
		};
		C905969B278494840032E3D5 /* Frameworks */ = {
			isa = PBXFrameworksBuildPhase;
			buildActionMask = 2147483647;
			files = (
			);
			runOnlyForDeploymentPostprocessing = 0;
		};
/* End PBXFrameworksBuildPhase section */

/* Begin PBXGroup section */
		C9059675278494840032E3D5 = {
			isa = PBXGroup;
			children = (
				C9059680278494840032E3D5 /* TranslateLanguage */,
				C9059697278494840032E3D5 /* TranslateLanguageTests */,
				C90596A1278494840032E3D5 /* TranslateLanguageUITests */,
				C905967F278494840032E3D5 /* Products */,
			);
			sourceTree = "<group>";
		};
		C905967F278494840032E3D5 /* Products */ = {
			isa = PBXGroup;
			children = (
				C905967E278494840032E3D5 /* TranslateLanguage.app */,
				C9059694278494840032E3D5 /* TranslateLanguageTests.xctest */,
				C905969E278494840032E3D5 /* TranslateLanguageUITests.xctest */,
			);
			name = Products;
			sourceTree = "<group>";
		};
		C9059680278494840032E3D5 /* TranslateLanguage */ = {
			isa = PBXGroup;
			children = (
				C9059681278494840032E3D5 /* AppDelegate.swift */,
				C9059683278494840032E3D5 /* SceneDelegate.swift */,
				C90596D2278607130032E3D5 /* Network */,
				C90596CA278575EC0032E3D5 /* Entities */,
				C90596C027849D520032E3D5 /* Extensions */,
				C90596B92784988D0032E3D5 /* Scenes */,
				C905968A278494840032E3D5 /* Assets.xcassets */,
				C90596E427874F200032E3D5 /* LocalizedString.swift */,
				C905968C278494840032E3D5 /* LaunchScreen.storyboard */,
				C905968F278494840032E3D5 /* Info.plist */,
				C90596E227874CD50032E3D5 /* Localizable.strings */,
			);
			path = TranslateLanguage;
			sourceTree = "<group>";
		};
		C9059697278494840032E3D5 /* TranslateLanguageTests */ = {
			isa = PBXGroup;
			children = (
				C9059698278494840032E3D5 /* TranslateLanguageTests.swift */,
			);
			path = TranslateLanguageTests;
			sourceTree = "<group>";
		};
		C90596A1278494840032E3D5 /* TranslateLanguageUITests */ = {
			isa = PBXGroup;
			children = (
				C90596A2278494840032E3D5 /* TranslateLanguageUITests.swift */,
				C90596A4278494840032E3D5 /* TranslateLanguageUITestsLaunchTests.swift */,
			);
			path = TranslateLanguageUITests;
			sourceTree = "<group>";
		};
		C90596B92784988D0032E3D5 /* Scenes */ = {
			isa = PBXGroup;
			children = (
				C90596B72784960D0032E3D5 /* TabBarController.swift */,
				C90596CB2785B7CC0032E3D5 /* Bookmark */,
				C90596C52784DCB40032E3D5 /* Translation */,
			);
			path = Scenes;
			sourceTree = "<group>";
		};
		C90596C027849D520032E3D5 /* Extensions */ = {
			isa = PBXGroup;
			children = (
				C90596BE27849D1E0032E3D5 /* UIColor+.swift */,
				C90596C8278573050032E3D5 /* UserDefault+.swift */,
			);
			path = Extensions;
			sourceTree = "<group>";
		};
		C90596C52784DCB40032E3D5 /* Translation */ = {
			isa = PBXGroup;
			children = (
				C90596BA278498A90032E3D5 /* TranslateViewController.swift */,
				C90596C12784B5210032E3D5 /* SourceTextViewController.swift */,
			);
			path = Translation;
			sourceTree = "<group>";
		};
		C90596CA278575EC0032E3D5 /* Entities */ = {
			isa = PBXGroup;
			children = (
				C90596C6278570890032E3D5 /* Bookmark.swift */,
				C90596C32784DC750032E3D5 /* Language.swift */,
				C90596D52786080B0032E3D5 /* RequestPapagoAPI.swift */,
				C90596D3278607790032E3D5 /* Constants.swift */,
				C90596D72786084C0032E3D5 /* ResponsePapagoAPI.swift */,
			);
			path = Entities;
			sourceTree = "<group>";
		};
		C90596CB2785B7CC0032E3D5 /* Bookmark */ = {
			isa = PBXGroup;
			children = (
				C90596BC278498D50032E3D5 /* BookmarkViewController.swift */,
				C90596CC2785D2FA0032E3D5 /* BookmarkCollectionViewCell.swift */,
				C90596CE2785DF3F0032E3D5 /* BookmarkTextStackView.swift */,
			);
			path = Bookmark;
			sourceTree = "<group>";
		};
		C90596D2278607130032E3D5 /* Network */ = {
			isa = PBXGroup;
			children = (
				C90596D02786070D0032E3D5 /* PapagoAPI.swift */,
				C90596D9278609C70032E3D5 /* TranslatorManager.swift */,
				C90596DB27860B460032E3D5 /* PapagoNetwork.swift */,
			);
			name = Network;
			sourceTree = "<group>";
		};
/* End PBXGroup section */

/* Begin PBXNativeTarget section */
		C905967D278494840032E3D5 /* TranslateLanguage */ = {
			isa = PBXNativeTarget;
			buildConfigurationList = C90596A8278494840032E3D5 /* Build configuration list for PBXNativeTarget "TranslateLanguage" */;
			buildPhases = (
				C905967A278494840032E3D5 /* Sources */,
				C905967B278494840032E3D5 /* Frameworks */,
				C905967C278494840032E3D5 /* Resources */,
			);
			buildRules = (
			);
			dependencies = (
			);
			name = TranslateLanguage;
			packageProductDependencies = (
				C90596B2278494BA0032E3D5 /* SnapKit */,
				C90596B5278495110032E3D5 /* Alamofire */,
			);
			productName = TranslateLanguage;
			productReference = C905967E278494840032E3D5 /* TranslateLanguage.app */;
			productType = "com.apple.product-type.application";
		};
		C9059693278494840032E3D5 /* TranslateLanguageTests */ = {
			isa = PBXNativeTarget;
			buildConfigurationList = C90596AB278494840032E3D5 /* Build configuration list for PBXNativeTarget "TranslateLanguageTests" */;
			buildPhases = (
				C9059690278494840032E3D5 /* Sources */,
				C9059691278494840032E3D5 /* Frameworks */,
				C9059692278494840032E3D5 /* Resources */,
			);
			buildRules = (
			);
			dependencies = (
				C9059696278494840032E3D5 /* PBXTargetDependency */,
			);
			name = TranslateLanguageTests;
			productName = TranslateLanguageTests;
			productReference = C9059694278494840032E3D5 /* TranslateLanguageTests.xctest */;
			productType = "com.apple.product-type.bundle.unit-test";
		};
		C905969D278494840032E3D5 /* TranslateLanguageUITests */ = {
			isa = PBXNativeTarget;
			buildConfigurationList = C90596AE278494840032E3D5 /* Build configuration list for PBXNativeTarget "TranslateLanguageUITests" */;
			buildPhases = (
				C905969A278494840032E3D5 /* Sources */,
				C905969B278494840032E3D5 /* Frameworks */,
				C905969C278494840032E3D5 /* Resources */,
			);
			buildRules = (
			);
			dependencies = (
				C90596A0278494840032E3D5 /* PBXTargetDependency */,
			);
			name = TranslateLanguageUITests;
			productName = TranslateLanguageUITests;
			productReference = C905969E278494840032E3D5 /* TranslateLanguageUITests.xctest */;
			productType = "com.apple.product-type.bundle.ui-testing";
		};
/* End PBXNativeTarget section */

/* Begin PBXProject section */
		C9059676278494840032E3D5 /* Project object */ = {
			isa = PBXProject;
			attributes = {
				BuildIndependentTargetsInParallel = 1;
				LastSwiftUpdateCheck = 1320;
				LastUpgradeCheck = 1320;
				TargetAttributes = {
					C905967D278494840032E3D5 = {
						CreatedOnToolsVersion = 13.2.1;
					};
					C9059693278494840032E3D5 = {
						CreatedOnToolsVersion = 13.2.1;
						TestTargetID = C905967D278494840032E3D5;
					};
					C905969D278494840032E3D5 = {
						CreatedOnToolsVersion = 13.2.1;
						TestTargetID = C905967D278494840032E3D5;
					};
				};
			};
			buildConfigurationList = C9059679278494840032E3D5 /* Build configuration list for PBXProject "TranslateLanguage" */;
			compatibilityVersion = "Xcode 13.0";
			developmentRegion = en;
			hasScannedForEncodings = 0;
			knownRegions = (
				en,
				Base,
				ko,
			);
			mainGroup = C9059675278494840032E3D5;
			packageReferences = (
				C90596B1278494BA0032E3D5 /* XCRemoteSwiftPackageReference "SnapKit" */,
				C90596B4278495110032E3D5 /* XCRemoteSwiftPackageReference "Alamofire" */,
			);
			productRefGroup = C905967F278494840032E3D5 /* Products */;
			projectDirPath = "";
			projectRoot = "";
			targets = (
				C905967D278494840032E3D5 /* TranslateLanguage */,
				C9059693278494840032E3D5 /* TranslateLanguageTests */,
				C905969D278494840032E3D5 /* TranslateLanguageUITests */,
			);
		};
/* End PBXProject section */

/* Begin PBXResourcesBuildPhase section */
		C905967C278494840032E3D5 /* Resources */ = {
			isa = PBXResourcesBuildPhase;
			buildActionMask = 2147483647;
			files = (
				C905968E278494840032E3D5 /* LaunchScreen.storyboard in Resources */,
				C90596E027874CD50032E3D5 /* Localizable.strings in Resources */,
				C905968B278494840032E3D5 /* Assets.xcassets in Resources */,
			);
			runOnlyForDeploymentPostprocessing = 0;
		};
		C9059692278494840032E3D5 /* Resources */ = {
			isa = PBXResourcesBuildPhase;
			buildActionMask = 2147483647;
			files = (
			);
			runOnlyForDeploymentPostprocessing = 0;
		};
		C905969C278494840032E3D5 /* Resources */ = {
			isa = PBXResourcesBuildPhase;
			buildActionMask = 2147483647;
			files = (
			);
			runOnlyForDeploymentPostprocessing = 0;
		};
/* End PBXResourcesBuildPhase section */

/* Begin PBXSourcesBuildPhase section */
		C905967A278494840032E3D5 /* Sources */ = {
			isa = PBXSourcesBuildPhase;
			buildActionMask = 2147483647;
			files = (
				C90596E527874F200032E3D5 /* LocalizedString.swift in Sources */,
				C90596B82784960D0032E3D5 /* TabBarController.swift in Sources */,
				C90596BB278498A90032E3D5 /* TranslateViewController.swift in Sources */,
				C90596DA278609C70032E3D5 /* TranslatorManager.swift in Sources */,
				C9059682278494840032E3D5 /* AppDelegate.swift in Sources */,
				C90596D82786084C0032E3D5 /* ResponsePapagoAPI.swift in Sources */,
				C9059684278494840032E3D5 /* SceneDelegate.swift in Sources */,
				C90596D12786070D0032E3D5 /* PapagoAPI.swift in Sources */,
				C90596BD278498D50032E3D5 /* BookmarkViewController.swift in Sources */,
				C90596D62786080B0032E3D5 /* RequestPapagoAPI.swift in Sources */,
				C90596C42784DC750032E3D5 /* Language.swift in Sources */,
				C90596C9278573050032E3D5 /* UserDefault+.swift in Sources */,
				C90596C22784B5210032E3D5 /* SourceTextViewController.swift in Sources */,
				C90596BF27849D1E0032E3D5 /* UIColor+.swift in Sources */,
				C90596C7278570890032E3D5 /* Bookmark.swift in Sources */,
				C90596D4278607790032E3D5 /* Constants.swift in Sources */,
				C90596CF2785DF3F0032E3D5 /* BookmarkTextStackView.swift in Sources */,
				C90596DC27860B460032E3D5 /* PapagoNetwork.swift in Sources */,
				C90596CD2785D2FA0032E3D5 /* BookmarkCollectionViewCell.swift in Sources */,
			);
			runOnlyForDeploymentPostprocessing = 0;
		};
		C9059690278494840032E3D5 /* Sources */ = {
			isa = PBXSourcesBuildPhase;
			buildActionMask = 2147483647;
			files = (
				C9059699278494840032E3D5 /* TranslateLanguageTests.swift in Sources */,
			);
			runOnlyForDeploymentPostprocessing = 0;
		};
		C905969A278494840032E3D5 /* Sources */ = {
			isa = PBXSourcesBuildPhase;
			buildActionMask = 2147483647;
			files = (
				C90596A3278494840032E3D5 /* TranslateLanguageUITests.swift in Sources */,
				C90596A5278494840032E3D5 /* TranslateLanguageUITestsLaunchTests.swift in Sources */,
			);
			runOnlyForDeploymentPostprocessing = 0;
		};
/* End PBXSourcesBuildPhase section */

/* Begin PBXTargetDependency section */
		C9059696278494840032E3D5 /* PBXTargetDependency */ = {
			isa = PBXTargetDependency;
			target = C905967D278494840032E3D5 /* TranslateLanguage */;
			targetProxy = C9059695278494840032E3D5 /* PBXContainerItemProxy */;
		};
		C90596A0278494840032E3D5 /* PBXTargetDependency */ = {
			isa = PBXTargetDependency;
			target = C905967D278494840032E3D5 /* TranslateLanguage */;
			targetProxy = C905969F278494840032E3D5 /* PBXContainerItemProxy */;
		};
/* End PBXTargetDependency section */

/* Begin PBXVariantGroup section */
		C905968C278494840032E3D5 /* LaunchScreen.storyboard */ = {
			isa = PBXVariantGroup;
			children = (
				C905968D278494840032E3D5 /* Base */,
				C90596DF27874CC10032E3D5 /* ko */,
			);
			name = LaunchScreen.storyboard;
			sourceTree = "<group>";
		};
		C90596E227874CD50032E3D5 /* Localizable.strings */ = {
			isa = PBXVariantGroup;
			children = (
				C90596E127874CD50032E3D5 /* en */,
				C90596E327874CD90032E3D5 /* ko */,
			);
			name = Localizable.strings;
			sourceTree = "<group>";
		};
/* End PBXVariantGroup section */

/* Begin XCBuildConfiguration section */
		C90596A6278494840032E3D5 /* Debug */ = {
			isa = XCBuildConfiguration;
			buildSettings = {
				ALWAYS_SEARCH_USER_PATHS = NO;
				CLANG_ANALYZER_LOCALIZABILITY_NONLOCALIZED = YES;
				CLANG_ANALYZER_NONNULL = YES;
				CLANG_ANALYZER_NUMBER_OBJECT_CONVERSION = YES_AGGRESSIVE;
				CLANG_CXX_LANGUAGE_STANDARD = "gnu++17";
				CLANG_CXX_LIBRARY = "libc++";
				CLANG_ENABLE_MODULES = YES;
				CLANG_ENABLE_OBJC_ARC = YES;
				CLANG_ENABLE_OBJC_WEAK = YES;
				CLANG_WARN_BLOCK_CAPTURE_AUTORELEASING = YES;
				CLANG_WARN_BOOL_CONVERSION = YES;
				CLANG_WARN_COMMA = YES;
				CLANG_WARN_CONSTANT_CONVERSION = YES;
				CLANG_WARN_DEPRECATED_OBJC_IMPLEMENTATIONS = YES;
				CLANG_WARN_DIRECT_OBJC_ISA_USAGE = YES_ERROR;
				CLANG_WARN_DOCUMENTATION_COMMENTS = YES;
				CLANG_WARN_EMPTY_BODY = YES;
				CLANG_WARN_ENUM_CONVERSION = YES;
				CLANG_WARN_INFINITE_RECURSION = YES;
				CLANG_WARN_INT_CONVERSION = YES;
				CLANG_WARN_NON_LITERAL_NULL_CONVERSION = YES;
				CLANG_WARN_OBJC_IMPLICIT_RETAIN_SELF = YES;
				CLANG_WARN_OBJC_LITERAL_CONVERSION = YES;
				CLANG_WARN_OBJC_ROOT_CLASS = YES_ERROR;
				CLANG_WARN_QUOTED_INCLUDE_IN_FRAMEWORK_HEADER = YES;
				CLANG_WARN_RANGE_LOOP_ANALYSIS = YES;
				CLANG_WARN_STRICT_PROTOTYPES = YES;
				CLANG_WARN_SUSPICIOUS_MOVE = YES;
				CLANG_WARN_UNGUARDED_AVAILABILITY = YES_AGGRESSIVE;
				CLANG_WARN_UNREACHABLE_CODE = YES;
				CLANG_WARN__DUPLICATE_METHOD_MATCH = YES;
				COPY_PHASE_STRIP = NO;
				DEBUG_INFORMATION_FORMAT = dwarf;
				ENABLE_STRICT_OBJC_MSGSEND = YES;
				ENABLE_TESTABILITY = YES;
				GCC_C_LANGUAGE_STANDARD = gnu11;
				GCC_DYNAMIC_NO_PIC = NO;
				GCC_NO_COMMON_BLOCKS = YES;
				GCC_OPTIMIZATION_LEVEL = 0;
				GCC_PREPROCESSOR_DEFINITIONS = (
					"DEBUG=1",
					"$(inherited)",
				);
				GCC_WARN_64_TO_32_BIT_CONVERSION = YES;
				GCC_WARN_ABOUT_RETURN_TYPE = YES_ERROR;
				GCC_WARN_UNDECLARED_SELECTOR = YES;
				GCC_WARN_UNINITIALIZED_AUTOS = YES_AGGRESSIVE;
				GCC_WARN_UNUSED_FUNCTION = YES;
				GCC_WARN_UNUSED_VARIABLE = YES;
				IPHONEOS_DEPLOYMENT_TARGET = 13.0;
				MTL_ENABLE_DEBUG_INFO = INCLUDE_SOURCE;
				MTL_FAST_MATH = YES;
				ONLY_ACTIVE_ARCH = YES;
				SDKROOT = iphoneos;
				SWIFT_ACTIVE_COMPILATION_CONDITIONS = DEBUG;
				SWIFT_OPTIMIZATION_LEVEL = "-Onone";
			};
			name = Debug;
		};
		C90596A7278494840032E3D5 /* Release */ = {
			isa = XCBuildConfiguration;
			buildSettings = {
				ALWAYS_SEARCH_USER_PATHS = NO;
				CLANG_ANALYZER_LOCALIZABILITY_NONLOCALIZED = YES;
				CLANG_ANALYZER_NONNULL = YES;
				CLANG_ANALYZER_NUMBER_OBJECT_CONVERSION = YES_AGGRESSIVE;
				CLANG_CXX_LANGUAGE_STANDARD = "gnu++17";
				CLANG_CXX_LIBRARY = "libc++";
				CLANG_ENABLE_MODULES = YES;
				CLANG_ENABLE_OBJC_ARC = YES;
				CLANG_ENABLE_OBJC_WEAK = YES;
				CLANG_WARN_BLOCK_CAPTURE_AUTORELEASING = YES;
				CLANG_WARN_BOOL_CONVERSION = YES;
				CLANG_WARN_COMMA = YES;
				CLANG_WARN_CONSTANT_CONVERSION = YES;
				CLANG_WARN_DEPRECATED_OBJC_IMPLEMENTATIONS = YES;
				CLANG_WARN_DIRECT_OBJC_ISA_USAGE = YES_ERROR;
				CLANG_WARN_DOCUMENTATION_COMMENTS = YES;
				CLANG_WARN_EMPTY_BODY = YES;
				CLANG_WARN_ENUM_CONVERSION = YES;
				CLANG_WARN_INFINITE_RECURSION = YES;
				CLANG_WARN_INT_CONVERSION = YES;
				CLANG_WARN_NON_LITERAL_NULL_CONVERSION = YES;
				CLANG_WARN_OBJC_IMPLICIT_RETAIN_SELF = YES;
				CLANG_WARN_OBJC_LITERAL_CONVERSION = YES;
				CLANG_WARN_OBJC_ROOT_CLASS = YES_ERROR;
				CLANG_WARN_QUOTED_INCLUDE_IN_FRAMEWORK_HEADER = YES;
				CLANG_WARN_RANGE_LOOP_ANALYSIS = YES;
				CLANG_WARN_STRICT_PROTOTYPES = YES;
				CLANG_WARN_SUSPICIOUS_MOVE = YES;
				CLANG_WARN_UNGUARDED_AVAILABILITY = YES_AGGRESSIVE;
				CLANG_WARN_UNREACHABLE_CODE = YES;
				CLANG_WARN__DUPLICATE_METHOD_MATCH = YES;
				COPY_PHASE_STRIP = NO;
				DEBUG_INFORMATION_FORMAT = "dwarf-with-dsym";
				ENABLE_NS_ASSERTIONS = NO;
				ENABLE_STRICT_OBJC_MSGSEND = YES;
				GCC_C_LANGUAGE_STANDARD = gnu11;
				GCC_NO_COMMON_BLOCKS = YES;
				GCC_WARN_64_TO_32_BIT_CONVERSION = YES;
				GCC_WARN_ABOUT_RETURN_TYPE = YES_ERROR;
				GCC_WARN_UNDECLARED_SELECTOR = YES;
				GCC_WARN_UNINITIALIZED_AUTOS = YES_AGGRESSIVE;
				GCC_WARN_UNUSED_FUNCTION = YES;
				GCC_WARN_UNUSED_VARIABLE = YES;
				IPHONEOS_DEPLOYMENT_TARGET = 13.0;
				MTL_ENABLE_DEBUG_INFO = NO;
				MTL_FAST_MATH = YES;
				SDKROOT = iphoneos;
				SWIFT_COMPILATION_MODE = wholemodule;
				SWIFT_OPTIMIZATION_LEVEL = "-O";
				VALIDATE_PRODUCT = YES;
			};
			name = Release;
		};
		C90596A9278494840032E3D5 /* Debug */ = {
			isa = XCBuildConfiguration;
			buildSettings = {
				ASSETCATALOG_COMPILER_APPICON_NAME = AppIcon;
				ASSETCATALOG_COMPILER_GLOBAL_ACCENT_COLOR_NAME = AccentColor;
				CODE_SIGN_STYLE = Automatic;
				CURRENT_PROJECT_VERSION = 1;
				DEVELOPMENT_TEAM = U4T3R7AY6X;
				GENERATE_INFOPLIST_FILE = YES;
				INFOPLIST_FILE = TranslateLanguage/Info.plist;
				INFOPLIST_KEY_UIApplicationSupportsIndirectInputEvents = YES;
				INFOPLIST_KEY_UILaunchStoryboardName = LaunchScreen;
				INFOPLIST_KEY_UISupportedInterfaceOrientations_iPad = "UIInterfaceOrientationPortrait UIInterfaceOrientationPortraitUpsideDown UIInterfaceOrientationLandscapeLeft UIInterfaceOrientationLandscapeRight";
				INFOPLIST_KEY_UISupportedInterfaceOrientations_iPhone = "UIInterfaceOrientationPortrait UIInterfaceOrientationLandscapeLeft UIInterfaceOrientationLandscapeRight";
				LD_RUNPATH_SEARCH_PATHS = (
					"$(inherited)",
					"@executable_path/Frameworks",
				);
				MARKETING_VERSION = 1.0;
				PRODUCT_BUNDLE_IDENTIFIER = com.lyc.TranslateLanguage;
				PRODUCT_NAME = "$(TARGET_NAME)";
				SWIFT_EMIT_LOC_STRINGS = YES;
				SWIFT_VERSION = 5.0;
				TARGETED_DEVICE_FAMILY = "1,2";
			};
			name = Debug;
		};
		C90596AA278494840032E3D5 /* Release */ = {
			isa = XCBuildConfiguration;
			buildSettings = {
				ASSETCATALOG_COMPILER_APPICON_NAME = AppIcon;
				ASSETCATALOG_COMPILER_GLOBAL_ACCENT_COLOR_NAME = AccentColor;
				CODE_SIGN_STYLE = Automatic;
				CURRENT_PROJECT_VERSION = 1;
				DEVELOPMENT_TEAM = U4T3R7AY6X;
				GENERATE_INFOPLIST_FILE = YES;
				INFOPLIST_FILE = TranslateLanguage/Info.plist;
				INFOPLIST_KEY_UIApplicationSupportsIndirectInputEvents = YES;
				INFOPLIST_KEY_UILaunchStoryboardName = LaunchScreen;
				INFOPLIST_KEY_UISupportedInterfaceOrientations_iPad = "UIInterfaceOrientationPortrait UIInterfaceOrientationPortraitUpsideDown UIInterfaceOrientationLandscapeLeft UIInterfaceOrientationLandscapeRight";
				INFOPLIST_KEY_UISupportedInterfaceOrientations_iPhone = "UIInterfaceOrientationPortrait UIInterfaceOrientationLandscapeLeft UIInterfaceOrientationLandscapeRight";
				LD_RUNPATH_SEARCH_PATHS = (
					"$(inherited)",
					"@executable_path/Frameworks",
				);
				MARKETING_VERSION = 1.0;
				PRODUCT_BUNDLE_IDENTIFIER = com.lyc.TranslateLanguage;
				PRODUCT_NAME = "$(TARGET_NAME)";
				SWIFT_EMIT_LOC_STRINGS = YES;
				SWIFT_VERSION = 5.0;
				TARGETED_DEVICE_FAMILY = "1,2";
			};
			name = Release;
		};
		C90596AC278494840032E3D5 /* Debug */ = {
			isa = XCBuildConfiguration;
			buildSettings = {
				ALWAYS_EMBED_SWIFT_STANDARD_LIBRARIES = YES;
				BUNDLE_LOADER = "$(TEST_HOST)";
				CODE_SIGN_STYLE = Automatic;
				CURRENT_PROJECT_VERSION = 1;
				DEVELOPMENT_TEAM = U4T3R7AY6X;
				GENERATE_INFOPLIST_FILE = YES;
				IPHONEOS_DEPLOYMENT_TARGET = 15.2;
				MARKETING_VERSION = 1.0;
				PRODUCT_BUNDLE_IDENTIFIER = com.lyc.TranslateLanguageTests;
				PRODUCT_NAME = "$(TARGET_NAME)";
				SWIFT_EMIT_LOC_STRINGS = NO;
				SWIFT_VERSION = 5.0;
				TARGETED_DEVICE_FAMILY = "1,2";
				TEST_HOST = "$(BUILT_PRODUCTS_DIR)/TranslateLanguage.app/TranslateLanguage";
			};
			name = Debug;
		};
		C90596AD278494840032E3D5 /* Release */ = {
			isa = XCBuildConfiguration;
			buildSettings = {
				ALWAYS_EMBED_SWIFT_STANDARD_LIBRARIES = YES;
				BUNDLE_LOADER = "$(TEST_HOST)";
				CODE_SIGN_STYLE = Automatic;
				CURRENT_PROJECT_VERSION = 1;
				DEVELOPMENT_TEAM = U4T3R7AY6X;
				GENERATE_INFOPLIST_FILE = YES;
				IPHONEOS_DEPLOYMENT_TARGET = 15.2;
				MARKETING_VERSION = 1.0;
				PRODUCT_BUNDLE_IDENTIFIER = com.lyc.TranslateLanguageTests;
				PRODUCT_NAME = "$(TARGET_NAME)";
				SWIFT_EMIT_LOC_STRINGS = NO;
				SWIFT_VERSION = 5.0;
				TARGETED_DEVICE_FAMILY = "1,2";
				TEST_HOST = "$(BUILT_PRODUCTS_DIR)/TranslateLanguage.app/TranslateLanguage";
			};
			name = Release;
		};
		C90596AF278494840032E3D5 /* Debug */ = {
			isa = XCBuildConfiguration;
			buildSettings = {
				ALWAYS_EMBED_SWIFT_STANDARD_LIBRARIES = YES;
				CODE_SIGN_STYLE = Automatic;
				CURRENT_PROJECT_VERSION = 1;
				DEVELOPMENT_TEAM = U4T3R7AY6X;
				GENERATE_INFOPLIST_FILE = YES;
				MARKETING_VERSION = 1.0;
				PRODUCT_BUNDLE_IDENTIFIER = com.lyc.TranslateLanguageUITests;
				PRODUCT_NAME = "$(TARGET_NAME)";
				SWIFT_EMIT_LOC_STRINGS = NO;
				SWIFT_VERSION = 5.0;
				TARGETED_DEVICE_FAMILY = "1,2";
				TEST_TARGET_NAME = TranslateLanguage;
			};
			name = Debug;
		};
		C90596B0278494840032E3D5 /* Release */ = {
			isa = XCBuildConfiguration;
			buildSettings = {
				ALWAYS_EMBED_SWIFT_STANDARD_LIBRARIES = YES;
				CODE_SIGN_STYLE = Automatic;
				CURRENT_PROJECT_VERSION = 1;
				DEVELOPMENT_TEAM = U4T3R7AY6X;
				GENERATE_INFOPLIST_FILE = YES;
				MARKETING_VERSION = 1.0;
				PRODUCT_BUNDLE_IDENTIFIER = com.lyc.TranslateLanguageUITests;
				PRODUCT_NAME = "$(TARGET_NAME)";
				SWIFT_EMIT_LOC_STRINGS = NO;
				SWIFT_VERSION = 5.0;
				TARGETED_DEVICE_FAMILY = "1,2";
				TEST_TARGET_NAME = TranslateLanguage;
			};
			name = Release;
		};
/* End XCBuildConfiguration section */

/* Begin XCConfigurationList section */
		C9059679278494840032E3D5 /* Build configuration list for PBXProject "TranslateLanguage" */ = {
			isa = XCConfigurationList;
			buildConfigurations = (
				C90596A6278494840032E3D5 /* Debug */,
				C90596A7278494840032E3D5 /* Release */,
			);
			defaultConfigurationIsVisible = 0;
			defaultConfigurationName = Release;
		};
		C90596A8278494840032E3D5 /* Build configuration list for PBXNativeTarget "TranslateLanguage" */ = {
			isa = XCConfigurationList;
			buildConfigurations = (
				C90596A9278494840032E3D5 /* Debug */,
				C90596AA278494840032E3D5 /* Release */,
			);
			defaultConfigurationIsVisible = 0;
			defaultConfigurationName = Release;
		};
		C90596AB278494840032E3D5 /* Build configuration list for PBXNativeTarget "TranslateLanguageTests" */ = {
			isa = XCConfigurationList;
			buildConfigurations = (
				C90596AC278494840032E3D5 /* Debug */,
				C90596AD278494840032E3D5 /* Release */,
			);
			defaultConfigurationIsVisible = 0;
			defaultConfigurationName = Release;
		};
		C90596AE278494840032E3D5 /* Build configuration list for PBXNativeTarget "TranslateLanguageUITests" */ = {
			isa = XCConfigurationList;
			buildConfigurations = (
				C90596AF278494840032E3D5 /* Debug */,
				C90596B0278494840032E3D5 /* Release */,
			);
			defaultConfigurationIsVisible = 0;
			defaultConfigurationName = Release;
		};
/* End XCConfigurationList section */

/* Begin XCRemoteSwiftPackageReference section */
		C90596B1278494BA0032E3D5 /* XCRemoteSwiftPackageReference "SnapKit" */ = {
			isa = XCRemoteSwiftPackageReference;
			repositoryURL = "https://github.com/SnapKit/SnapKit.git";
			requirement = {
				kind = upToNextMajorVersion;
				minimumVersion = 5.0.0;
			};
		};
		C90596B4278495110032E3D5 /* XCRemoteSwiftPackageReference "Alamofire" */ = {
			isa = XCRemoteSwiftPackageReference;
			repositoryURL = "https://github.com/Alamofire/Alamofire.git";
			requirement = {
				kind = upToNextMajorVersion;
				minimumVersion = 5.0.0;
			};
		};
/* End XCRemoteSwiftPackageReference section */

/* Begin XCSwiftPackageProductDependency section */
		C90596B2278494BA0032E3D5 /* SnapKit */ = {
			isa = XCSwiftPackageProductDependency;
			package = C90596B1278494BA0032E3D5 /* XCRemoteSwiftPackageReference "SnapKit" */;
			productName = SnapKit;
		};
		C90596B5278495110032E3D5 /* Alamofire */ = {
			isa = XCSwiftPackageProductDependency;
			package = C90596B4278495110032E3D5 /* XCRemoteSwiftPackageReference "Alamofire" */;
			productName = Alamofire;
		};
/* End XCSwiftPackageProductDependency section */
	};
	rootObject = C9059676278494840032E3D5 /* Project object */;
}
